// !$*UTF8*$!
{
	archiveVersion = 1;
	classes = {
	};
	objectVersion = 48;
	objects = {

/* Begin PBXBuildFile section */
		1A1978F6221D9D4800ABBEF1 /* AppDelegate.swift in Sources */ = {isa = PBXBuildFile; fileRef = 1A1978F5221D9D4800ABBEF1 /* AppDelegate.swift */; };
		1A1978F8221D9D4800ABBEF1 /* ViewController.swift in Sources */ = {isa = PBXBuildFile; fileRef = 1A1978F7221D9D4800ABBEF1 /* ViewController.swift */; };
		1A1978FB221D9D4800ABBEF1 /* Main.storyboard in Resources */ = {isa = PBXBuildFile; fileRef = 1A1978F9221D9D4800ABBEF1 /* Main.storyboard */; };
		1A1978FD221D9D4800ABBEF1 /* Assets.xcassets in Resources */ = {isa = PBXBuildFile; fileRef = 1A1978FC221D9D4800ABBEF1 /* Assets.xcassets */; };
		1A197900221D9D4800ABBEF1 /* LaunchScreen.storyboard in Resources */ = {isa = PBXBuildFile; fileRef = 1A1978FE221D9D4800ABBEF1 /* LaunchScreen.storyboard */; };
		1A19790B221D9D4900ABBEF1 /* edwin3Tests.swift in Sources */ = {isa = PBXBuildFile; fileRef = 1A19790A221D9D4900ABBEF1 /* edwin3Tests.swift */; };
		1A197916221D9D4900ABBEF1 /* edwin3UITests.swift in Sources */ = {isa = PBXBuildFile; fileRef = 1A197915221D9D4900ABBEF1 /* edwin3UITests.swift */; };
/* End PBXBuildFile section */

/* Begin PBXContainerItemProxy section */
		1A197907221D9D4800ABBEF1 /* PBXContainerItemProxy */ = {
			isa = PBXContainerItemProxy;
			containerPortal = 1A1978EA221D9D4800ABBEF1 /* Project object */;
			proxyType = 1;
			remoteGlobalIDString = 1A1978F1221D9D4800ABBEF1;
			remoteInfo = edwin3;
		};
		1A197912221D9D4900ABBEF1 /* PBXContainerItemProxy */ = {
			isa = PBXContainerItemProxy;
			containerPortal = 1A1978EA221D9D4800ABBEF1 /* Project object */;
			proxyType = 1;
			remoteGlobalIDString = 1A1978F1221D9D4800ABBEF1;
			remoteInfo = edwin3;
		};
/* End PBXContainerItemProxy section */

/* Begin PBXFileReference section */
		1A1978F2221D9D4800ABBEF1 /* edwinSaucedo140219StoryBoard3.app */ = {isa = PBXFileReference; explicitFileType = wrapper.application; includeInIndex = 0; path = edwinSaucedo140219StoryBoard3.app; sourceTree = BUILT_PRODUCTS_DIR; };
		1A1978F5221D9D4800ABBEF1 /* AppDelegate.swift */ = {isa = PBXFileReference; lastKnownFileType = sourcecode.swift; path = AppDelegate.swift; sourceTree = "<group>"; };
		1A1978F7221D9D4800ABBEF1 /* ViewController.swift */ = {isa = PBXFileReference; lastKnownFileType = sourcecode.swift; path = ViewController.swift; sourceTree = "<group>"; };
		1A1978FA221D9D4800ABBEF1 /* Base */ = {isa = PBXFileReference; lastKnownFileType = file.storyboard; name = Base; path = Base.lproj/Main.storyboard; sourceTree = "<group>"; };
		1A1978FC221D9D4800ABBEF1 /* Assets.xcassets */ = {isa = PBXFileReference; lastKnownFileType = folder.assetcatalog; path = Assets.xcassets; sourceTree = "<group>"; };
		1A1978FF221D9D4800ABBEF1 /* Base */ = {isa = PBXFileReference; lastKnownFileType = file.storyboard; name = Base; path = Base.lproj/LaunchScreen.storyboard; sourceTree = "<group>"; };
		1A197901221D9D4800ABBEF1 /* Info.plist */ = {isa = PBXFileReference; lastKnownFileType = text.plist.xml; path = Info.plist; sourceTree = "<group>"; };
		1A197906221D9D4800ABBEF1 /* edwinSaucedo140219StoryBoard3Tests.xctest */ = {isa = PBXFileReference; explicitFileType = wrapper.cfbundle; includeInIndex = 0; path = edwinSaucedo140219StoryBoard3Tests.xctest; sourceTree = BUILT_PRODUCTS_DIR; };
		1A19790A221D9D4900ABBEF1 /* edwin3Tests.swift */ = {isa = PBXFileReference; lastKnownFileType = sourcecode.swift; path = edwin3Tests.swift; sourceTree = "<group>"; };
		1A19790C221D9D4900ABBEF1 /* Info.plist */ = {isa = PBXFileReference; lastKnownFileType = text.plist.xml; path = Info.plist; sourceTree = "<group>"; };
		1A197911221D9D4900ABBEF1 /* edwinSaucedo140219StoryBoard3UITests.xctest */ = {isa = PBXFileReference; explicitFileType = wrapper.cfbundle; includeInIndex = 0; path = edwinSaucedo140219StoryBoard3UITests.xctest; sourceTree = BUILT_PRODUCTS_DIR; };
		1A197915221D9D4900ABBEF1 /* edwin3UITests.swift */ = {isa = PBXFileReference; lastKnownFileType = sourcecode.swift; path = edwin3UITests.swift; sourceTree = "<group>"; };
		1A197917221D9D4900ABBEF1 /* Info.plist */ = {isa = PBXFileReference; lastKnownFileType = text.plist.xml; path = Info.plist; sourceTree = "<group>"; };
/* End PBXFileReference section */

/* Begin PBXFrameworksBuildPhase section */
		1A1978EF221D9D4800ABBEF1 /* Frameworks */ = {
			isa = PBXFrameworksBuildPhase;
			buildActionMask = 2147483647;
			files = (
			);
			runOnlyForDeploymentPostprocessing = 0;
		};
		1A197903221D9D4800ABBEF1 /* Frameworks */ = {
			isa = PBXFrameworksBuildPhase;
			buildActionMask = 2147483647;
			files = (
			);
			runOnlyForDeploymentPostprocessing = 0;
		};
		1A19790E221D9D4900ABBEF1 /* Frameworks */ = {
			isa = PBXFrameworksBuildPhase;
			buildActionMask = 2147483647;
			files = (
			);
			runOnlyForDeploymentPostprocessing = 0;
		};
/* End PBXFrameworksBuildPhase section */

/* Begin PBXGroup section */
		1A1978E9221D9D4800ABBEF1 = {
			isa = PBXGroup;
			children = (
				1A1978F4221D9D4800ABBEF1 /* edwin3 */,
				1A197909221D9D4800ABBEF1 /* edwin3Tests */,
				1A197914221D9D4900ABBEF1 /* edwin3UITests */,
				1A1978F3221D9D4800ABBEF1 /* Products */,
			);
			sourceTree = "<group>";
		};
		1A1978F3221D9D4800ABBEF1 /* Products */ = {
			isa = PBXGroup;
			children = (
				1A1978F2221D9D4800ABBEF1 /* edwinSaucedo140219StoryBoard3.app */,
				1A197906221D9D4800ABBEF1 /* edwinSaucedo140219StoryBoard3Tests.xctest */,
				1A197911221D9D4900ABBEF1 /* edwinSaucedo140219StoryBoard3UITests.xctest */,
			);
			name = Products;
			sourceTree = "<group>";
		};
		1A1978F4221D9D4800ABBEF1 /* edwin3 */ = {
			isa = PBXGroup;
			children = (
				1A1978F5221D9D4800ABBEF1 /* AppDelegate.swift */,
				1A1978F7221D9D4800ABBEF1 /* ViewController.swift */,
				1A1978F9221D9D4800ABBEF1 /* Main.storyboard */,
				1A1978FC221D9D4800ABBEF1 /* Assets.xcassets */,
				1A1978FE221D9D4800ABBEF1 /* LaunchScreen.storyboard */,
				1A197901221D9D4800ABBEF1 /* Info.plist */,
			);
			path = edwin3;
			sourceTree = "<group>";
		};
		1A197909221D9D4800ABBEF1 /* edwin3Tests */ = {
			isa = PBXGroup;
			children = (
				1A19790A221D9D4900ABBEF1 /* edwin3Tests.swift */,
				1A19790C221D9D4900ABBEF1 /* Info.plist */,
			);
			path = edwin3Tests;
			sourceTree = "<group>";
		};
		1A197914221D9D4900ABBEF1 /* edwin3UITests */ = {
			isa = PBXGroup;
			children = (
				1A197915221D9D4900ABBEF1 /* edwin3UITests.swift */,
				1A197917221D9D4900ABBEF1 /* Info.plist */,
			);
			path = edwin3UITests;
			sourceTree = "<group>";
		};
/* End PBXGroup section */

/* Begin PBXNativeTarget section */
		1A1978F1221D9D4800ABBEF1 /* edwinSaucedo140219StoryBoard3 */ = {
			isa = PBXNativeTarget;
			buildConfigurationList = 1A19791A221D9D4900ABBEF1 /* Build configuration list for PBXNativeTarget "edwinSaucedo140219StoryBoard3" */;
			buildPhases = (
				1A1978EE221D9D4800ABBEF1 /* Sources */,
				1A1978EF221D9D4800ABBEF1 /* Frameworks */,
				1A1978F0221D9D4800ABBEF1 /* Resources */,
			);
			buildRules = (
			);
			dependencies = (
			);
			name = edwinSaucedo140219StoryBoard3;
			productName = edwin3;
			productReference = 1A1978F2221D9D4800ABBEF1 /* edwinSaucedo140219StoryBoard3.app */;
			productType = "com.apple.product-type.application";
		};
		1A197905221D9D4800ABBEF1 /* edwinSaucedo140219StoryBoard3Tests */ = {
			isa = PBXNativeTarget;
			buildConfigurationList = 1A19791D221D9D4900ABBEF1 /* Build configuration list for PBXNativeTarget "edwinSaucedo140219StoryBoard3Tests" */;
			buildPhases = (
				1A197902221D9D4800ABBEF1 /* Sources */,
				1A197903221D9D4800ABBEF1 /* Frameworks */,
				1A197904221D9D4800ABBEF1 /* Resources */,
			);
			buildRules = (
			);
			dependencies = (
				1A197908221D9D4800ABBEF1 /* PBXTargetDependency */,
			);
			name = edwinSaucedo140219StoryBoard3Tests;
			productName = edwin3Tests;
			productReference = 1A197906221D9D4800ABBEF1 /* edwinSaucedo140219StoryBoard3Tests.xctest */;
			productType = "com.apple.product-type.bundle.unit-test";
		};
		1A197910221D9D4900ABBEF1 /* edwinSaucedo140219StoryBoard3UITests */ = {
			isa = PBXNativeTarget;
			buildConfigurationList = 1A197920221D9D4900ABBEF1 /* Build configuration list for PBXNativeTarget "edwinSaucedo140219StoryBoard3UITests" */;
			buildPhases = (
				1A19790D221D9D4900ABBEF1 /* Sources */,
				1A19790E221D9D4900ABBEF1 /* Frameworks */,
				1A19790F221D9D4900ABBEF1 /* Resources */,
			);
			buildRules = (
			);
			dependencies = (
				1A197913221D9D4900ABBEF1 /* PBXTargetDependency */,
			);
			name = edwinSaucedo140219StoryBoard3UITests;
			productName = edwin3UITests;
			productReference = 1A197911221D9D4900ABBEF1 /* edwinSaucedo140219StoryBoard3UITests.xctest */;
			productType = "com.apple.product-type.bundle.ui-testing";
		};
/* End PBXNativeTarget section */

/* Begin PBXProject section */
		1A1978EA221D9D4800ABBEF1 /* Project object */ = {
			isa = PBXProject;
			attributes = {
				LastSwiftUpdateCheck = 0920;
				LastUpgradeCheck = 0920;
				ORGANIZATIONNAME = "Universidad Politecnica de Gómez Palacio";
				TargetAttributes = {
					1A1978F1221D9D4800ABBEF1 = {
						CreatedOnToolsVersion = 9.2;
						ProvisioningStyle = Automatic;
					};
					1A197905221D9D4800ABBEF1 = {
						CreatedOnToolsVersion = 9.2;
						ProvisioningStyle = Automatic;
						TestTargetID = 1A1978F1221D9D4800ABBEF1;
					};
					1A197910221D9D4900ABBEF1 = {
						CreatedOnToolsVersion = 9.2;
						ProvisioningStyle = Automatic;
						TestTargetID = 1A1978F1221D9D4800ABBEF1;
					};
				};
			};
			buildConfigurationList = 1A1978ED221D9D4800ABBEF1 /* Build configuration list for PBXProject "edwinSaucedo140219StoryBoard" */;
			compatibilityVersion = "Xcode 8.0";
			developmentRegion = en;
			hasScannedForEncodings = 0;
			knownRegions = (
				en,
				Base,
			);
			mainGroup = 1A1978E9221D9D4800ABBEF1;
			productRefGroup = 1A1978F3221D9D4800ABBEF1 /* Products */;
			projectDirPath = "";
			projectRoot = "";
			targets = (
				1A1978F1221D9D4800ABBEF1 /* edwinSaucedo140219StoryBoard3 */,
				1A197905221D9D4800ABBEF1 /* edwinSaucedo140219StoryBoard3Tests */,
				1A197910221D9D4900ABBEF1 /* edwinSaucedo140219StoryBoard3UITests */,
			);
		};
/* End PBXProject section */

/* Begin PBXResourcesBuildPhase section */
		1A1978F0221D9D4800ABBEF1 /* Resources */ = {
			isa = PBXResourcesBuildPhase;
			buildActionMask = 2147483647;
			files = (
				1A197900221D9D4800ABBEF1 /* LaunchScreen.storyboard in Resources */,
				1A1978FD221D9D4800ABBEF1 /* Assets.xcassets in Resources */,
				1A1978FB221D9D4800ABBEF1 /* Main.storyboard in Resources */,
			);
			runOnlyForDeploymentPostprocessing = 0;
		};
		1A197904221D9D4800ABBEF1 /* Resources */ = {
			isa = PBXResourcesBuildPhase;
			buildActionMask = 2147483647;
			files = (
			);
			runOnlyForDeploymentPostprocessing = 0;
		};
		1A19790F221D9D4900ABBEF1 /* Resources */ = {
			isa = PBXResourcesBuildPhase;
			buildActionMask = 2147483647;
			files = (
			);
			runOnlyForDeploymentPostprocessing = 0;
		};
/* End PBXResourcesBuildPhase section */

/* Begin PBXSourcesBuildPhase section */
		1A1978EE221D9D4800ABBEF1 /* Sources */ = {
			isa = PBXSourcesBuildPhase;
			buildActionMask = 2147483647;
			files = (
				1A1978F8221D9D4800ABBEF1 /* ViewController.swift in Sources */,
				1A1978F6221D9D4800ABBEF1 /* AppDelegate.swift in Sources */,
			);
			runOnlyForDeploymentPostprocessing = 0;
		};
		1A197902221D9D4800ABBEF1 /* Sources */ = {
			isa = PBXSourcesBuildPhase;
			buildActionMask = 2147483647;
			files = (
				1A19790B221D9D4900ABBEF1 /* edwin3Tests.swift in Sources */,
			);
			runOnlyForDeploymentPostprocessing = 0;
		};
		1A19790D221D9D4900ABBEF1 /* Sources */ = {
			isa = PBXSourcesBuildPhase;
			buildActionMask = 2147483647;
			files = (
				1A197916221D9D4900ABBEF1 /* edwin3UITests.swift in Sources */,
			);
			runOnlyForDeploymentPostprocessing = 0;
		};
/* End PBXSourcesBuildPhase section */

/* Begin PBXTargetDependency section */
		1A197908221D9D4800ABBEF1 /* PBXTargetDependency */ = {
			isa = PBXTargetDependency;
			target = 1A1978F1221D9D4800ABBEF1 /* edwinSaucedo140219StoryBoard3 */;
			targetProxy = 1A197907221D9D4800ABBEF1 /* PBXContainerItemProxy */;
		};
		1A197913221D9D4900ABBEF1 /* PBXTargetDependency */ = {
			isa = PBXTargetDependency;
			target = 1A1978F1221D9D4800ABBEF1 /* edwinSaucedo140219StoryBoard3 */;
			targetProxy = 1A197912221D9D4900ABBEF1 /* PBXContainerItemProxy */;
		};
/* End PBXTargetDependency section */

/* Begin PBXVariantGroup section */
		1A1978F9221D9D4800ABBEF1 /* Main.storyboard */ = {
			isa = PBXVariantGroup;
			children = (
				1A1978FA221D9D4800ABBEF1 /* Base */,
			);
			name = Main.storyboard;
			sourceTree = "<group>";
		};
		1A1978FE221D9D4800ABBEF1 /* LaunchScreen.storyboard */ = {
			isa = PBXVariantGroup;
			children = (
				1A1978FF221D9D4800ABBEF1 /* Base */,
			);
			name = LaunchScreen.storyboard;
			sourceTree = "<group>";
		};
/* End PBXVariantGroup section */

/* Begin XCBuildConfiguration section */
		1A197918221D9D4900ABBEF1 /* Debug */ = {
			isa = XCBuildConfiguration;
			buildSettings = {
				ALWAYS_SEARCH_USER_PATHS = NO;
				CLANG_ANALYZER_NONNULL = YES;
				CLANG_ANALYZER_NUMBER_OBJECT_CONVERSION = YES_AGGRESSIVE;
				CLANG_CXX_LANGUAGE_STANDARD = "gnu++14";
				CLANG_CXX_LIBRARY = "libc++";
				CLANG_ENABLE_MODULES = YES;
				CLANG_ENABLE_OBJC_ARC = YES;
				CLANG_WARN_BLOCK_CAPTURE_AUTORELEASING = YES;
				CLANG_WARN_BOOL_CONVERSION = YES;
				CLANG_WARN_COMMA = YES;
				CLANG_WARN_CONSTANT_CONVERSION = YES;
				CLANG_WARN_DIRECT_OBJC_ISA_USAGE = YES_ERROR;
				CLANG_WARN_DOCUMENTATION_COMMENTS = YES;
				CLANG_WARN_EMPTY_BODY = YES;
				CLANG_WARN_ENUM_CONVERSION = YES;
				CLANG_WARN_INFINITE_RECURSION = YES;
				CLANG_WARN_INT_CONVERSION = YES;
				CLANG_WARN_NON_LITERAL_NULL_CONVERSION = YES;
				CLANG_WARN_OBJC_LITERAL_CONVERSION = YES;
				CLANG_WARN_OBJC_ROOT_CLASS = YES_ERROR;
				CLANG_WARN_RANGE_LOOP_ANALYSIS = YES;
				CLANG_WARN_STRICT_PROTOTYPES = YES;
				CLANG_WARN_SUSPICIOUS_MOVE = YES;
				CLANG_WARN_UNGUARDED_AVAILABILITY = YES_AGGRESSIVE;
				CLANG_WARN_UNREACHABLE_CODE = YES;
				CLANG_WARN__DUPLICATE_METHOD_MATCH = YES;
				CODE_SIGN_IDENTITY = "iPhone Developer";
				COPY_PHASE_STRIP = NO;
				DEBUG_INFORMATION_FORMAT = dwarf;
				ENABLE_STRICT_OBJC_MSGSEND = YES;
				ENABLE_TESTABILITY = YES;
				GCC_C_LANGUAGE_STANDARD = gnu11;
				GCC_DYNAMIC_NO_PIC = NO;
				GCC_NO_COMMON_BLOCKS = YES;
				GCC_OPTIMIZATION_LEVEL = 0;
				GCC_PREPROCESSOR_DEFINITIONS = (
					"DEBUG=1",
					"$(inherited)",
				);
				GCC_WARN_64_TO_32_BIT_CONVERSION = YES;
				GCC_WARN_ABOUT_RETURN_TYPE = YES_ERROR;
				GCC_WARN_UNDECLARED_SELECTOR = YES;
				GCC_WARN_UNINITIALIZED_AUTOS = YES_AGGRESSIVE;
				GCC_WARN_UNUSED_FUNCTION = YES;
				GCC_WARN_UNUSED_VARIABLE = YES;
				IPHONEOS_DEPLOYMENT_TARGET = 11.2;
				MTL_ENABLE_DEBUG_INFO = YES;
				ONLY_ACTIVE_ARCH = YES;
				SDKROOT = iphoneos;
				SWIFT_ACTIVE_COMPILATION_CONDITIONS = DEBUG;
				SWIFT_OPTIMIZATION_LEVEL = "-Onone";
			};
			name = Debug;
		};
		1A197919221D9D4900ABBEF1 /* Release */ = {
			isa = XCBuildConfiguration;
			buildSettings = {
				ALWAYS_SEARCH_USER_PATHS = NO;
				CLANG_ANALYZER_NONNULL = YES;
				CLANG_ANALYZER_NUMBER_OBJECT_CONVERSION = YES_AGGRESSIVE;
				CLANG_CXX_LANGUAGE_STANDARD = "gnu++14";
				CLANG_CXX_LIBRARY = "libc++";
				CLANG_ENABLE_MODULES = YES;
				CLANG_ENABLE_OBJC_ARC = YES;
				CLANG_WARN_BLOCK_CAPTURE_AUTORELEASING = YES;
				CLANG_WARN_BOOL_CONVERSION = YES;
				CLANG_WARN_COMMA = YES;
				CLANG_WARN_CONSTANT_CONVERSION = YES;
				CLANG_WARN_DIRECT_OBJC_ISA_USAGE = YES_ERROR;
				CLANG_WARN_DOCUMENTATION_COMMENTS = YES;
				CLANG_WARN_EMPTY_BODY = YES;
				CLANG_WARN_ENUM_CONVERSION = YES;
				CLANG_WARN_INFINITE_RECURSION = YES;
				CLANG_WARN_INT_CONVERSION = YES;
				CLANG_WARN_NON_LITERAL_NULL_CONVERSION = YES;
				CLANG_WARN_OBJC_LITERAL_CONVERSION = YES;
				CLANG_WARN_OBJC_ROOT_CLASS = YES_ERROR;
				CLANG_WARN_RANGE_LOOP_ANALYSIS = YES;
				CLANG_WARN_STRICT_PROTOTYPES = YES;
				CLANG_WARN_SUSPICIOUS_MOVE = YES;
				CLANG_WARN_UNGUARDED_AVAILABILITY = YES_AGGRESSIVE;
				CLANG_WARN_UNREACHABLE_CODE = YES;
				CLANG_WARN__DUPLICATE_METHOD_MATCH = YES;
				CODE_SIGN_IDENTITY = "iPhone Developer";
				COPY_PHASE_STRIP = NO;
				DEBUG_INFORMATION_FORMAT = "dwarf-with-dsym";
				ENABLE_NS_ASSERTIONS = NO;
				ENABLE_STRICT_OBJC_MSGSEND = YES;
				GCC_C_LANGUAGE_STANDARD = gnu11;
				GCC_NO_COMMON_BLOCKS = YES;
				GCC_WARN_64_TO_32_BIT_CONVERSION = YES;
				GCC_WARN_ABOUT_RETURN_TYPE = YES_ERROR;
				GCC_WARN_UNDECLARED_SELECTOR = YES;
				GCC_WARN_UNINITIALIZED_AUTOS = YES_AGGRESSIVE;
				GCC_WARN_UNUSED_FUNCTION = YES;
				GCC_WARN_UNUSED_VARIABLE = YES;
				IPHONEOS_DEPLOYMENT_TARGET = 11.2;
				MTL_ENABLE_DEBUG_INFO = NO;
				SDKROOT = iphoneos;
				SWIFT_OPTIMIZATION_LEVEL = "-Owholemodule";
				VALIDATE_PRODUCT = YES;
			};
			name = Release;
		};
		1A19791B221D9D4900ABBEF1 /* Debug */ = {
			isa = XCBuildConfiguration;
			buildSettings = {
				ASSETCATALOG_COMPILER_APPICON_NAME = AppIcon;
				CODE_SIGN_STYLE = Automatic;
				INFOPLIST_FILE = edwin3/Info.plist;
				LD_RUNPATH_SEARCH_PATHS = "$(inherited) @executable_path/Frameworks";
				PRODUCT_BUNDLE_IDENTIFIER = upgop.edwin3;
				PRODUCT_NAME = "$(TARGET_NAME)";
				SWIFT_VERSION = 4.0;
				TARGETED_DEVICE_FAMILY = "1,2";
			};
			name = Debug;
		};
		1A19791C221D9D4900ABBEF1 /* Release */ = {
			isa = XCBuildConfiguration;
			buildSettings = {
				ASSETCATALOG_COMPILER_APPICON_NAME = AppIcon;
				CODE_SIGN_STYLE = Automatic;
				INFOPLIST_FILE = edwin3/Info.plist;
				LD_RUNPATH_SEARCH_PATHS = "$(inherited) @executable_path/Frameworks";
				PRODUCT_BUNDLE_IDENTIFIER = upgop.edwin3;
				PRODUCT_NAME = "$(TARGET_NAME)";
				SWIFT_VERSION = 4.0;
				TARGETED_DEVICE_FAMILY = "1,2";
			};
			name = Release;
		};
		1A19791E221D9D4900ABBEF1 /* Debug */ = {
			isa = XCBuildConfiguration;
			buildSettings = {
				ALWAYS_EMBED_SWIFT_STANDARD_LIBRARIES = YES;
				BUNDLE_LOADER = "$(TEST_HOST)";
				CODE_SIGN_STYLE = Automatic;
				INFOPLIST_FILE = edwin3Tests/Info.plist;
				LD_RUNPATH_SEARCH_PATHS = "$(inherited) @executable_path/Frameworks @loader_path/Frameworks";
				PRODUCT_BUNDLE_IDENTIFIER = upgop.edwin3Tests;
				PRODUCT_NAME = "$(TARGET_NAME)";
				SWIFT_VERSION = 4.0;
				TARGETED_DEVICE_FAMILY = "1,2";
				TEST_HOST = "$(BUILT_PRODUCTS_DIR)/edwinSaucedo140219StoryBoard3.app/edwinSaucedo140219StoryBoard3";
			};
			name = Debug;
		};
		1A19791F221D9D4900ABBEF1 /* Release */ = {
			isa = XCBuildConfiguration;
			buildSettings = {
				ALWAYS_EMBED_SWIFT_STANDARD_LIBRARIES = YES;
				BUNDLE_LOADER = "$(TEST_HOST)";
				CODE_SIGN_STYLE = Automatic;
				INFOPLIST_FILE = edwin3Tests/Info.plist;
				LD_RUNPATH_SEARCH_PATHS = "$(inherited) @executable_path/Frameworks @loader_path/Frameworks";
				PRODUCT_BUNDLE_IDENTIFIER = upgop.edwin3Tests;
				PRODUCT_NAME = "$(TARGET_NAME)";
				SWIFT_VERSION = 4.0;
				TARGETED_DEVICE_FAMILY = "1,2";
				TEST_HOST = "$(BUILT_PRODUCTS_DIR)/edwinSaucedo140219StoryBoard3.app/edwinSaucedo140219StoryBoard3";
			};
			name = Release;
		};
		1A197921221D9D4900ABBEF1 /* Debug */ = {
			isa = XCBuildConfiguration;
			buildSettings = {
				ALWAYS_EMBED_SWIFT_STANDARD_LIBRARIES = YES;
				CODE_SIGN_STYLE = Automatic;
				INFOPLIST_FILE = edwin3UITests/Info.plist;
				LD_RUNPATH_SEARCH_PATHS = "$(inherited) @executable_path/Frameworks @loader_path/Frameworks";
				PRODUCT_BUNDLE_IDENTIFIER = upgop.edwin3UITests;
				PRODUCT_NAME = "$(TARGET_NAME)";
				SWIFT_VERSION = 4.0;
				TARGETED_DEVICE_FAMILY = "1,2";
				TEST_TARGET_NAME = edwin3;
			};
			name = Debug;
		};
		1A197922221D9D4900ABBEF1 /* Release */ = {
			isa = XCBuildConfiguration;
			buildSettings = {
				ALWAYS_EMBED_SWIFT_STANDARD_LIBRARIES = YES;
				CODE_SIGN_STYLE = Automatic;
				INFOPLIST_FILE = edwin3UITests/Info.plist;
				LD_RUNPATH_SEARCH_PATHS = "$(inherited) @executable_path/Frameworks @loader_path/Frameworks";
				PRODUCT_BUNDLE_IDENTIFIER = upgop.edwin3UITests;
				PRODUCT_NAME = "$(TARGET_NAME)";
				SWIFT_VERSION = 4.0;
				TARGETED_DEVICE_FAMILY = "1,2";
				TEST_TARGET_NAME = edwin3;
			};
			name = Release;
		};
/* End XCBuildConfiguration section */

/* Begin XCConfigurationList section */
		1A1978ED221D9D4800ABBEF1 /* Build configuration list for PBXProject "edwinSaucedo140219StoryBoard" */ = {
			isa = XCConfigurationList;
			buildConfigurations = (
				1A197918221D9D4900ABBEF1 /* Debug */,
				1A197919221D9D4900ABBEF1 /* Release */,
			);
			defaultConfigurationIsVisible = 0;
			defaultConfigurationName = Release;
		};
		1A19791A221D9D4900ABBEF1 /* Build configuration list for PBXNativeTarget "edwinSaucedo140219StoryBoard3" */ = {
			isa = XCConfigurationList;
			buildConfigurations = (
				1A19791B221D9D4900ABBEF1 /* Debug */,
				1A19791C221D9D4900ABBEF1 /* Release */,
			);
			defaultConfigurationIsVisible = 0;
			defaultConfigurationName = Release;
		};
		1A19791D221D9D4900ABBEF1 /* Build configuration list for PBXNativeTarget "edwinSaucedo140219StoryBoard3Tests" */ = {
			isa = XCConfigurationList;
			buildConfigurations = (
				1A19791E221D9D4900ABBEF1 /* Debug */,
				1A19791F221D9D4900ABBEF1 /* Release */,
			);
			defaultConfigurationIsVisible = 0;
			defaultConfigurationName = Release;
		};
		1A197920221D9D4900ABBEF1 /* Build configuration list for PBXNativeTarget "edwinSaucedo140219StoryBoard3UITests" */ = {
			isa = XCConfigurationList;
			buildConfigurations = (
				1A197921221D9D4900ABBEF1 /* Debug */,
				1A197922221D9D4900ABBEF1 /* Release */,
			);
			defaultConfigurationIsVisible = 0;
			defaultConfigurationName = Release;
		};
/* End XCConfigurationList section */
	};
	rootObject = 1A1978EA221D9D4800ABBEF1 /* Project object */;
}
